
Microsoft Visual Studio Solution File, Format Version 12.00
# Visual Studio Version 16
VisualStudioVersion = 16.0.31702.278
MinimumVisualStudioVersion = 10.0.40219.1
Project("{FAE04EC0-301F-11D3-BF4B-00C04F79EFBC}") = "KorzhynskaSofiia.RobotChallenge", "KorzhynskaSofiia.RobotChallenge.csproj", "{1ADF7CC9-7484-4A1E-8735-0E760A19BE1E}"
EndProject
Project("{FAE04EC0-301F-11D3-BF4B-00C04F79EFBC}") = "KorzhynskaSofiia.RobotChallenge.Test", "..\KorzhynskaSofiia.RobotChallenge.Test\KorzhynskaSofiia.RobotChallenge.Test.csproj", "{BC1FF478-C710-48E8-8DF6-9E11F49ADF01}"
EndProject
Global
	GlobalSection(SolutionConfigurationPlatforms) = preSolution
		Debug|Any CPU = Debug|Any CPU
		Release|Any CPU = Release|Any CPU
	EndGlobalSection
	GlobalSection(ProjectConfigurationPlatforms) = postSolution
		{1ADF7CC9-7484-4A1E-8735-0E760A19BE1E}.Debug|Any CPU.ActiveCfg = Debug|Any CPU
		{1ADF7CC9-7484-4A1E-8735-0E760A19BE1E}.Debug|Any CPU.Build.0 = Debug|Any CPU
		{1ADF7CC9-7484-4A1E-8735-0E760A19BE1E}.Release|Any CPU.ActiveCfg = Release|Any CPU
		{1ADF7CC9-7484-4A1E-8735-0E760A19BE1E}.Release|Any CPU.Build.0 = Release|Any CPU
		{BC1FF478-C710-48E8-8DF6-9E11F49ADF01}.Debug|Any CPU.ActiveCfg = Debug|Any CPU
		{BC1FF478-C710-48E8-8DF6-9E11F49ADF01}.Debug|Any CPU.Build.0 = Debug|Any CPU
		{BC1FF478-C710-48E8-8DF6-9E11F49ADF01}.Release|Any CPU.ActiveCfg = Release|Any CPU
		{BC1FF478-C710-48E8-8DF6-9E11F49ADF01}.Release|Any CPU.Build.0 = Release|Any CPU
	EndGlobalSection
	GlobalSection(SolutionProperties) = preSolution
		HideSolutionNode = FALSE
	EndGlobalSection
	GlobalSection(ExtensibilityGlobals) = postSolution
		SolutionGuid = {94AF8711-40BB-481B-8A0F-504336DD5771}
	EndGlobalSection
EndGlobal
